
Microsoft Visual Studio Solution File, Format Version 12.00
# Visual Studio Version 17
VisualStudioVersion = 17.14.36121.58 d17.14
MinimumVisualStudioVersion = 10.0.40219.1
Project("{FAE04EC0-301F-11D3-BF4B-00C04F79EFBC}") = "NexusLibrarySystem", "NexusLibrarySystem\NexusLibrarySystem.csproj", "{1E3BA9F7-03C3-4FAF-A3C8-F5E9394CCCB6}"
EndProject
Global
	GlobalSection(SolutionConfigurationPlatforms) = preSolution
		Debug|Any CPU = Debug|Any CPU
		Release|Any CPU = Release|Any CPU
	EndGlobalSection
	GlobalSection(ProjectConfigurationPlatforms) = postSolution
		{1E3BA9F7-03C3-4FAF-A3C8-F5E9394CCCB6}.Debug|Any CPU.ActiveCfg = Debug|Any CPU
		{1E3BA9F7-03C3-4FAF-A3C8-F5E9394CCCB6}.Debug|Any CPU.Build.0 = Debug|Any CPU
		{1E3BA9F7-03C3-4FAF-A3C8-F5E9394CCCB6}.Release|Any CPU.ActiveCfg = Release|Any CPU
		{1E3BA9F7-03C3-4FAF-A3C8-F5E9394CCCB6}.Release|Any CPU.Build.0 = Release|Any CPU
	EndGlobalSection
	GlobalSection(SolutionProperties) = preSolution
		HideSolutionNode = FALSE
	EndGlobalSection
	GlobalSection(ExtensibilityGlobals) = postSolution
		SolutionGuid = {870C17CB-1C37-4CCB-B843-970056AB9DF6}
	EndGlobalSection
EndGlobal
